
Microsoft Visual Studio Solution File, Format Version 12.00
# Visual Studio Version 16
VisualStudioVersion = 16.0.31729.503
MinimumVisualStudioVersion = 10.0.40219.1
Project("{8BC9CEB8-8B4A-11D0-8D11-00A0C91BC942}") = "SA2-Super-Sonic", "SA2-Super-Sonic\SA2-Super-Sonic.vcxproj", "{765396D5-7CFC-4A43-B5B3-555A1F9A7CBA}"
EndProject
Project("{8BC9CEB8-8B4A-11D0-8D11-00A0C91BC942}") = "ModLoaderCommon", "sa2-mod-loader\mod-loader-common\ModLoaderCommon\ModLoaderCommon.vcxproj", "{EC0293F5-4BCF-46B2-8133-18CAEA141C5B}"
EndProject
Project("{8BC9CEB8-8B4A-11D0-8D11-00A0C91BC942}") = "libmodutils", "sa2-mod-loader\libmodutils\libmodutils.vcxproj", "{83C0F6B3-2297-4A14-98D6-F9C3E99192CE}"
EndProject
Global
	GlobalSection(SolutionConfigurationPlatforms) = preSolution
		Debug|x64 = Debug|x64
		Debug|x86 = Debug|x86
		Release|x64 = Release|x64
		Release|x86 = Release|x86
	EndGlobalSection
	GlobalSection(ProjectConfigurationPlatforms) = postSolution
		{765396D5-7CFC-4A43-B5B3-555A1F9A7CBA}.Debug|x64.ActiveCfg = Debug|x64
		{765396D5-7CFC-4A43-B5B3-555A1F9A7CBA}.Debug|x64.Build.0 = Debug|x64
		{765396D5-7CFC-4A43-B5B3-555A1F9A7CBA}.Debug|x86.ActiveCfg = Debug|Win32
		{765396D5-7CFC-4A43-B5B3-555A1F9A7CBA}.Debug|x86.Build.0 = Debug|Win32
		{765396D5-7CFC-4A43-B5B3-555A1F9A7CBA}.Release|x64.ActiveCfg = Release|x64
		{765396D5-7CFC-4A43-B5B3-555A1F9A7CBA}.Release|x64.Build.0 = Release|x64
		{765396D5-7CFC-4A43-B5B3-555A1F9A7CBA}.Release|x86.ActiveCfg = Release|Win32
		{765396D5-7CFC-4A43-B5B3-555A1F9A7CBA}.Release|x86.Build.0 = Release|Win32
		{EC0293F5-4BCF-46B2-8133-18CAEA141C5B}.Debug|x64.ActiveCfg = Debug|Win32
		{EC0293F5-4BCF-46B2-8133-18CAEA141C5B}.Debug|x86.ActiveCfg = Debug|Win32
		{EC0293F5-4BCF-46B2-8133-18CAEA141C5B}.Debug|x86.Build.0 = Debug|Win32
		{EC0293F5-4BCF-46B2-8133-18CAEA141C5B}.Release|x64.ActiveCfg = Release|Win32
		{EC0293F5-4BCF-46B2-8133-18CAEA141C5B}.Release|x86.ActiveCfg = Release|Win32
		{EC0293F5-4BCF-46B2-8133-18CAEA141C5B}.Release|x86.Build.0 = Release|Win32
		{83C0F6B3-2297-4A14-98D6-F9C3E99192CE}.Debug|x64.ActiveCfg = Debug|Win32
		{83C0F6B3-2297-4A14-98D6-F9C3E99192CE}.Debug|x86.ActiveCfg = Debug|Win32
		{83C0F6B3-2297-4A14-98D6-F9C3E99192CE}.Debug|x86.Build.0 = Debug|Win32
		{83C0F6B3-2297-4A14-98D6-F9C3E99192CE}.Release|x64.ActiveCfg = Release|Win32
		{83C0F6B3-2297-4A14-98D6-F9C3E99192CE}.Release|x86.ActiveCfg = Release|Win32
		{83C0F6B3-2297-4A14-98D6-F9C3E99192CE}.Release|x86.Build.0 = Release|Win32
	EndGlobalSection
	GlobalSection(SolutionProperties) = preSolution
		HideSolutionNode = FALSE
	EndGlobalSection
	GlobalSection(ExtensibilityGlobals) = postSolution
		SolutionGuid = {991D4693-CC34-41C0-A6CD-AE1E35D355C6}
	EndGlobalSection
EndGlobal
